
Microsoft Visual Studio Solution File, Format Version 12.00
# Visual Studio Version 17
VisualStudioVersion = 17.0.32126.317
MinimumVisualStudioVersion = 10.0.40219.1
Project("{FAE04EC0-301F-11D3-BF4B-00C04F79EFBC}") = "JwtWebApiTutorial", "JwtWebApiTutorial\JwtWebApiTutorial.csproj", "{899712CA-E47B-4C42-8E34-F3F522C9C700}"
EndProject
Global
	GlobalSection(SolutionConfigurationPlatforms) = preSolution
		Debug|Any CPU = Debug|Any CPU
		Release|Any CPU = Release|Any CPU
	EndGlobalSection
	GlobalSection(ProjectConfigurationPlatforms) = postSolution
		{899712CA-E47B-4C42-8E34-F3F522C9C700}.Debug|Any CPU.ActiveCfg = Debug|Any CPU
		{899712CA-E47B-4C42-8E34-F3F522C9C700}.Debug|Any CPU.Build.0 = Debug|Any CPU
		{899712CA-E47B-4C42-8E34-F3F522C9C700}.Release|Any CPU.ActiveCfg = Release|Any CPU
		{899712CA-E47B-4C42-8E34-F3F522C9C700}.Release|Any CPU.Build.0 = Release|Any CPU
	EndGlobalSection
	GlobalSection(SolutionProperties) = preSolution
		HideSolutionNode = FALSE
	EndGlobalSection
	GlobalSection(ExtensibilityGlobals) = postSolution
		SolutionGuid = {812A6653-1421-4F5D-A983-5E92D0E9B936}
	EndGlobalSection
EndGlobal
